# THIS IS AN AUTOGENERATED FILE. DO NOT EDIT THIS FILE DIRECTLY.
# yarn lockfile v1


"@rails/actiontext@^7.1.2":
  version "7.1.2"
  resolved "https://registry.yarnpkg.com/@rails/actiontext/-/actiontext-7.1.2.tgz#2f7772b33951f76a07e9ff83d54519c362d99fd5"
  integrity sha512-qiSUtop7rIb9BlwvgU98u+y8erlWhOiV0AveoHQ4EzN11VAWj3Euao9O+Q1iEJfIPcgXRvnsVLIJPrz3ldizFg==
  dependencies:
    "@rails/activestorage" ">= 7.1.0-alpha"

"@rails/activestorage@>= 7.1.0-alpha":
  version "7.1.2"
  resolved "https://registry.yarnpkg.com/@rails/activestorage/-/activestorage-7.1.2.tgz#088dce680fa1e0a4f8e0c5ac91073f729204ed06"
  integrity sha512-evC/xGlpq5XGpcNJina3oNVVB8pUp1GpnN3a84SVA+UNuB6O91OdNRl9BGHNAOo6/jxmFtLb73PIjWqQyVE14w==
  dependencies:
    spark-md5 "^3.0.1"

bootstrap@^5.3.2:
  version "5.3.2"
  resolved "https://registry.yarnpkg.com/bootstrap/-/bootstrap-5.3.2.tgz#97226583f27aae93b2b28ab23f4c114757ff16ae"
  integrity sha512-D32nmNWiQHo94BKHLmOrdjlL05q1c8oxbtBphQFb9Z5to6eGRDCm0QgeaZ4zFBHzfg2++rqa2JkqCcxDy0sH0g==

spark-md5@^3.0.1:
  version "3.0.2"
  resolved "https://registry.yarnpkg.com/spark-md5/-/spark-md5-3.0.2.tgz#7952c4a30784347abcee73268e473b9c0167e3fc"
  integrity sha512-wcFzz9cDfbuqe0FZzfi2or1sgyIrsDwmPwfZC4hiNidPdPINjeUwNfv5kldczoEAcjl9Y1L3SM7Uz2PUEQzxQw==

trix@^2.0.7:
  version "2.0.7"
  resolved "https://registry.yarnpkg.com/trix/-/trix-2.0.7.tgz#21cd94616864f908ec802fe029e69f628a694eca"
  integrity sha512-qnqElm1BA4XYMgwowEHlF4xE4wfEjFBpmybvdzVUQP4OTzQxRXVEQNP4WSvWT6HzV4wYFP06/HSo14fWoGo6jQ==
